{
  "version": 4,
  "terraform_version": "1.7.5",
  "serial": 4,
  "lineage": "27ed3368-7fd4-7e2b-c247-57568c97e961",
  "outputs": {},
  "resources": [
    {
      "mode": "managed",
      "type": "google_bigquery_dataset",
      "name": "dataset",
      "provider": "provider[\"registry.terraform.io/hashicorp/google\"]",
      "instances": [
        {
          "schema_version": 0,
          "attributes": {
            "access": [
              {
                "dataset": [],
                "domain": "",
                "group_by_email": "",
                "role": "OWNER",
                "routine": [],
                "special_group": "",
                "user_by_email": "amit.kooner@gmail.com",
                "view": []
              },
              {
                "dataset": [],
                "domain": "",
                "group_by_email": "",
                "role": "OWNER",
                "routine": [],
                "special_group": "projectOwners",
                "user_by_email": "",
                "view": []
              },
              {
                "dataset": [],
                "domain": "",
                "group_by_email": "",
                "role": "READER",
                "routine": [],
                "special_group": "projectReaders",
                "user_by_email": "",
                "view": []
              },
              {
                "dataset": [],
                "domain": "",
                "group_by_email": "",
                "role": "WRITER",
                "routine": [],
                "special_group": "projectWriters",
                "user_by_email": "",
                "view": []
              }
            ],
            "creation_time": 1711993029918,
            "dataset_id": "nfl_dataset",
            "default_collation": "",
            "default_encryption_configuration": [],
            "default_partition_expiration_ms": 0,
            "default_table_expiration_ms": 0,
            "delete_contents_on_destroy": false,
            "description": "",
            "etag": "5m2wEqswTp+Lq43dEQRivQ==",
            "friendly_name": "",
            "id": "projects/sincere-nirvana-340100/datasets/nfl_dataset",
            "is_case_insensitive": false,
            "labels": {},
            "last_modified_time": 1711993029918,
            "location": "us-east1",
            "max_time_travel_hours": "",
            "project": "sincere-nirvana-340100",
            "self_link": "https://bigquery.googleapis.com/bigquery/v2/projects/sincere-nirvana-340100/datasets/nfl_dataset",
            "storage_billing_model": "",
            "timeouts": null
          },
          "sensitive_attributes": [],
          "private": "eyJlMmJmYjczMC1lY2FhLTExZTYtOGY4OC0zNDM2M2JjN2M0YzAiOnsiY3JlYXRlIjoxMjAwMDAwMDAwMDAwLCJkZWxldGUiOjEyMDAwMDAwMDAwMDAsInVwZGF0ZSI6MTIwMDAwMDAwMDAwMH19"
        }
      ]
    },
    {
      "mode": "managed",
      "type": "google_bigquery_table",
      "name": "table",
      "provider": "provider[\"registry.terraform.io/hashicorp/google\"]",
      "instances": [
        {
          "schema_version": 0,
          "attributes": {
            "clustering": null,
            "creation_time": 1711993030628,
            "dataset_id": "nfl_dataset",
            "deletion_protection": true,
            "description": "",
            "encryption_configuration": [],
            "etag": "Etf9ZeEOtII6SkcI7W/czQ==",
            "expiration_time": 0,
            "external_data_configuration": [],
            "friendly_name": "",
            "id": "projects/sincere-nirvana-340100/datasets/nfl_dataset/tables/nfl_data",
            "labels": null,
            "last_modified_time": 1711993030747,
            "location": "us-east1",
            "materialized_view": [],
            "max_staleness": "",
            "num_bytes": 0,
            "num_long_term_bytes": 0,
            "num_rows": 0,
            "project": "sincere-nirvana-340100",
            "range_partitioning": [],
            "schema": null,
            "self_link": "https://bigquery.googleapis.com/bigquery/v2/projects/sincere-nirvana-340100/datasets/nfl_dataset/tables/nfl_data",
            "table_constraints": [],
            "table_id": "nfl_data",
            "time_partitioning": [],
            "type": "TABLE",
            "view": []
          },
          "sensitive_attributes": [],
          "private": "bnVsbA==",
          "dependencies": [
            "google_bigquery_dataset.dataset"
          ]
        }
      ]
    }
  ],
  "check_results": null
}
